
Microsoft Visual Studio Solution File, Format Version 12.00
# Visual Studio Version 16
VisualStudioVersion = 16.0.29306.81
MinimumVisualStudioVersion = 10.0.40219.1
Project("{888888A0-9F3D-457C-B088-3A5042F75D52}") = "milosSite1", "milosSite1.pyproj", "{461832BD-CC6A-4336-A523-4681DB31F4A7}"
EndProject
Global
	GlobalSection(SolutionConfigurationPlatforms) = preSolution
		Debug|Any CPU = Debug|Any CPU
		Release|Any CPU = Release|Any CPU
	EndGlobalSection
	GlobalSection(ProjectConfigurationPlatforms) = postSolution
		{461832BD-CC6A-4336-A523-4681DB31F4A7}.Debug|Any CPU.ActiveCfg = Debug|Any CPU
		{461832BD-CC6A-4336-A523-4681DB31F4A7}.Debug|Any CPU.Build.0 = Debug|Any CPU
		{461832BD-CC6A-4336-A523-4681DB31F4A7}.Release|Any CPU.ActiveCfg = Release|Any CPU
		{461832BD-CC6A-4336-A523-4681DB31F4A7}.Release|Any CPU.Build.0 = Release|Any CPU
	EndGlobalSection
	GlobalSection(SolutionProperties) = preSolution
		HideSolutionNode = FALSE
	EndGlobalSection
	GlobalSection(ExtensibilityGlobals) = postSolution
		SolutionGuid = {D6221146-C0F8-422E-BAE1-04E102196E6A}
	EndGlobalSection
EndGlobal
